
Microsoft Visual Studio Solution File, Format Version 12.00
# Visual Studio 2013
VisualStudioVersion = 12.0.21005.1
MinimumVisualStudioVersion = 10.0.40219.1
Project("{FAE04EC0-301F-11D3-BF4B-00C04F79EFBC}") = "SinergijaSpeakers013.App", "SinergijaSpeakers013.App\SinergijaSpeakers013.App.csproj", "{01DED6E1-71FF-4C26-B672-5459E8FA579A}"
EndProject
Project("{FAE04EC0-301F-11D3-BF4B-00C04F79EFBC}") = "SinergijaSpeakers013.Contracts", "SinergijaSpeakers013.Contracts\SinergijaSpeakers013.Contracts.csproj", "{EF6E8947-7F5F-4DE4-983B-61DAADEE3CBE}"
EndProject
Project("{FAE04EC0-301F-11D3-BF4B-00C04F79EFBC}") = "MsCampus.Win8.Shared", "MsCampus.Win8.Shared\MsCampus.Win8.Shared.csproj", "{3A3762FB-F9BA-43CC-B2D2-445CD4E351E2}"
EndProject
Project("{FAE04EC0-301F-11D3-BF4B-00C04F79EFBC}") = "MsCampus.Win8.Shared.DI", "MsCampus.Win8.Shared.DI\MsCampus.Win8.Shared.DI.csproj", "{B1466E54-80E5-4714-A493-B2D81D043304}"
EndProject
Project("{2150E333-8FDC-42A3-9474-1A3956D46DE8}") = "Shared", "Shared", "{EDCDD76E-EE52-452E-B374-73CEFCE33459}"
EndProject
Project("{2150E333-8FDC-42A3-9474-1A3956D46DE8}") = "Client", "Client", "{11C90DEE-17C8-4DA1-AF3B-7CF093B0BAFF}"
EndProject
Project("{FAE04EC0-301F-11D3-BF4B-00C04F79EFBC}") = "NotificationsExtensions", "NotificationsExtensions\NotificationsExtensions.csproj", "{6E87464B-B064-40CA-8161-7C18C337ADFF}"
EndProject
Project("{FAE04EC0-301F-11D3-BF4B-00C04F79EFBC}") = "SinergijaSpeakers013.Services", "SinergijaSpeakers013.Services\SinergijaSpeakers013.Services.csproj", "{D2E748FF-30E8-46F8-81F7-697CF2BBC570}"
EndProject
Project("{FAE04EC0-301F-11D3-BF4B-00C04F79EFBC}") = "SinergijaSpeakers013.Repositories", "SinergijaSpeakers013.Repositories\SinergijaSpeakers013.Repositories.csproj", "{86870C1B-D83D-4808-8AEA-159549211038}"
EndProject
Project("{FAE04EC0-301F-11D3-BF4B-00C04F79EFBC}") = "SinergijaSpeakers013.ViewModels", "SinergijaSpeakers013.ViewModels\SinergijaSpeakers013.ViewModels.csproj", "{7BFA7F3F-74BD-483A-8A80-E6759B94E186}"
EndProject
Global
	GlobalSection(SolutionConfigurationPlatforms) = preSolution
		Debug|Any CPU = Debug|Any CPU
		Debug|ARM = Debug|ARM
		Debug|Win32 = Debug|Win32
		Debug|x64 = Debug|x64
		Debug|x86 = Debug|x86
		Release|Any CPU = Release|Any CPU
		Release|ARM = Release|ARM
		Release|Win32 = Release|Win32
		Release|x64 = Release|x64
		Release|x86 = Release|x86
	EndGlobalSection
	GlobalSection(ProjectConfigurationPlatforms) = postSolution
		{01DED6E1-71FF-4C26-B672-5459E8FA579A}.Debug|Any CPU.ActiveCfg = Debug|Any CPU
		{01DED6E1-71FF-4C26-B672-5459E8FA579A}.Debug|Any CPU.Build.0 = Debug|Any CPU
		{01DED6E1-71FF-4C26-B672-5459E8FA579A}.Debug|Any CPU.Deploy.0 = Debug|Any CPU
		{01DED6E1-71FF-4C26-B672-5459E8FA579A}.Debug|ARM.ActiveCfg = Debug|ARM
		{01DED6E1-71FF-4C26-B672-5459E8FA579A}.Debug|ARM.Build.0 = Debug|ARM
		{01DED6E1-71FF-4C26-B672-5459E8FA579A}.Debug|ARM.Deploy.0 = Debug|ARM
		{01DED6E1-71FF-4C26-B672-5459E8FA579A}.Debug|Win32.ActiveCfg = Debug|x86
		{01DED6E1-71FF-4C26-B672-5459E8FA579A}.Debug|Win32.Build.0 = Debug|x86
		{01DED6E1-71FF-4C26-B672-5459E8FA579A}.Debug|Win32.Deploy.0 = Debug|x86
		{01DED6E1-71FF-4C26-B672-5459E8FA579A}.Debug|x64.ActiveCfg = Debug|x64
		{01DED6E1-71FF-4C26-B672-5459E8FA579A}.Debug|x64.Build.0 = Debug|x64
		{01DED6E1-71FF-4C26-B672-5459E8FA579A}.Debug|x64.Deploy.0 = Debug|x64
		{01DED6E1-71FF-4C26-B672-5459E8FA579A}.Debug|x86.ActiveCfg = Debug|x86
		{01DED6E1-71FF-4C26-B672-5459E8FA579A}.Debug|x86.Build.0 = Debug|x86
		{01DED6E1-71FF-4C26-B672-5459E8FA579A}.Debug|x86.Deploy.0 = Debug|x86
		{01DED6E1-71FF-4C26-B672-5459E8FA579A}.Release|Any CPU.ActiveCfg = Release|Any CPU
		{01DED6E1-71FF-4C26-B672-5459E8FA579A}.Release|Any CPU.Build.0 = Release|Any CPU
		{01DED6E1-71FF-4C26-B672-5459E8FA579A}.Release|Any CPU.Deploy.0 = Release|Any CPU
		{01DED6E1-71FF-4C26-B672-5459E8FA579A}.Release|ARM.ActiveCfg = Release|ARM
		{01DED6E1-71FF-4C26-B672-5459E8FA579A}.Release|ARM.Build.0 = Release|ARM
		{01DED6E1-71FF-4C26-B672-5459E8FA579A}.Release|ARM.Deploy.0 = Release|ARM
		{01DED6E1-71FF-4C26-B672-5459E8FA579A}.Release|Win32.ActiveCfg = Release|x86
		{01DED6E1-71FF-4C26-B672-5459E8FA579A}.Release|Win32.Build.0 = Release|x86
		{01DED6E1-71FF-4C26-B672-5459E8FA579A}.Release|Win32.Deploy.0 = Release|x86
		{01DED6E1-71FF-4C26-B672-5459E8FA579A}.Release|x64.ActiveCfg = Release|x64
		{01DED6E1-71FF-4C26-B672-5459E8FA579A}.Release|x64.Build.0 = Release|x64
		{01DED6E1-71FF-4C26-B672-5459E8FA579A}.Release|x64.Deploy.0 = Release|x64
		{01DED6E1-71FF-4C26-B672-5459E8FA579A}.Release|x86.ActiveCfg = Release|x86
		{01DED6E1-71FF-4C26-B672-5459E8FA579A}.Release|x86.Build.0 = Release|x86
		{01DED6E1-71FF-4C26-B672-5459E8FA579A}.Release|x86.Deploy.0 = Release|x86
		{EF6E8947-7F5F-4DE4-983B-61DAADEE3CBE}.Debug|Any CPU.ActiveCfg = Debug|Any CPU
		{EF6E8947-7F5F-4DE4-983B-61DAADEE3CBE}.Debug|Any CPU.Build.0 = Debug|Any CPU
		{EF6E8947-7F5F-4DE4-983B-61DAADEE3CBE}.Debug|ARM.ActiveCfg = Debug|ARM
		{EF6E8947-7F5F-4DE4-983B-61DAADEE3CBE}.Debug|ARM.Build.0 = Debug|ARM
		{EF6E8947-7F5F-4DE4-983B-61DAADEE3CBE}.Debug|Win32.ActiveCfg = Debug|x86
		{EF6E8947-7F5F-4DE4-983B-61DAADEE3CBE}.Debug|Win32.Build.0 = Debug|x86
		{EF6E8947-7F5F-4DE4-983B-61DAADEE3CBE}.Debug|x64.ActiveCfg = Debug|x64
		{EF6E8947-7F5F-4DE4-983B-61DAADEE3CBE}.Debug|x64.Build.0 = Debug|x64
		{EF6E8947-7F5F-4DE4-983B-61DAADEE3CBE}.Debug|x86.ActiveCfg = Debug|x86
		{EF6E8947-7F5F-4DE4-983B-61DAADEE3CBE}.Debug|x86.Build.0 = Debug|x86
		{EF6E8947-7F5F-4DE4-983B-61DAADEE3CBE}.Release|Any CPU.ActiveCfg = Release|Any CPU
		{EF6E8947-7F5F-4DE4-983B-61DAADEE3CBE}.Release|Any CPU.Build.0 = Release|Any CPU
		{EF6E8947-7F5F-4DE4-983B-61DAADEE3CBE}.Release|ARM.ActiveCfg = Release|ARM
		{EF6E8947-7F5F-4DE4-983B-61DAADEE3CBE}.Release|ARM.Build.0 = Release|ARM
		{EF6E8947-7F5F-4DE4-983B-61DAADEE3CBE}.Release|Win32.ActiveCfg = Release|x86
		{EF6E8947-7F5F-4DE4-983B-61DAADEE3CBE}.Release|Win32.Build.0 = Release|x86
		{EF6E8947-7F5F-4DE4-983B-61DAADEE3CBE}.Release|x64.ActiveCfg = Release|x64
		{EF6E8947-7F5F-4DE4-983B-61DAADEE3CBE}.Release|x64.Build.0 = Release|x64
		{EF6E8947-7F5F-4DE4-983B-61DAADEE3CBE}.Release|x86.ActiveCfg = Release|x86
		{EF6E8947-7F5F-4DE4-983B-61DAADEE3CBE}.Release|x86.Build.0 = Release|x86
		{3A3762FB-F9BA-43CC-B2D2-445CD4E351E2}.Debug|Any CPU.ActiveCfg = Debug|Any CPU
		{3A3762FB-F9BA-43CC-B2D2-445CD4E351E2}.Debug|Any CPU.Build.0 = Debug|Any CPU
		{3A3762FB-F9BA-43CC-B2D2-445CD4E351E2}.Debug|ARM.ActiveCfg = Debug|ARM
		{3A3762FB-F9BA-43CC-B2D2-445CD4E351E2}.Debug|ARM.Build.0 = Debug|ARM
		{3A3762FB-F9BA-43CC-B2D2-445CD4E351E2}.Debug|Win32.ActiveCfg = Debug|x86
		{3A3762FB-F9BA-43CC-B2D2-445CD4E351E2}.Debug|Win32.Build.0 = Debug|x86
		{3A3762FB-F9BA-43CC-B2D2-445CD4E351E2}.Debug|x64.ActiveCfg = Debug|x64
		{3A3762FB-F9BA-43CC-B2D2-445CD4E351E2}.Debug|x64.Build.0 = Debug|x64
		{3A3762FB-F9BA-43CC-B2D2-445CD4E351E2}.Debug|x86.ActiveCfg = Debug|x86
		{3A3762FB-F9BA-43CC-B2D2-445CD4E351E2}.Debug|x86.Build.0 = Debug|x86
		{3A3762FB-F9BA-43CC-B2D2-445CD4E351E2}.Release|Any CPU.ActiveCfg = Release|Any CPU
		{3A3762FB-F9BA-43CC-B2D2-445CD4E351E2}.Release|Any CPU.Build.0 = Release|Any CPU
		{3A3762FB-F9BA-43CC-B2D2-445CD4E351E2}.Release|ARM.ActiveCfg = Release|ARM
		{3A3762FB-F9BA-43CC-B2D2-445CD4E351E2}.Release|ARM.Build.0 = Release|ARM
		{3A3762FB-F9BA-43CC-B2D2-445CD4E351E2}.Release|Win32.ActiveCfg = Release|x86
		{3A3762FB-F9BA-43CC-B2D2-445CD4E351E2}.Release|Win32.Build.0 = Release|x86
		{3A3762FB-F9BA-43CC-B2D2-445CD4E351E2}.Release|x64.ActiveCfg = Release|x64
		{3A3762FB-F9BA-43CC-B2D2-445CD4E351E2}.Release|x64.Build.0 = Release|x64
		{3A3762FB-F9BA-43CC-B2D2-445CD4E351E2}.Release|x86.ActiveCfg = Release|x86
		{3A3762FB-F9BA-43CC-B2D2-445CD4E351E2}.Release|x86.Build.0 = Release|x86
		{B1466E54-80E5-4714-A493-B2D81D043304}.Debug|Any CPU.ActiveCfg = Debug|Any CPU
		{B1466E54-80E5-4714-A493-B2D81D043304}.Debug|Any CPU.Build.0 = Debug|Any CPU
		{B1466E54-80E5-4714-A493-B2D81D043304}.Debug|ARM.ActiveCfg = Debug|ARM
		{B1466E54-80E5-4714-A493-B2D81D043304}.Debug|ARM.Build.0 = Debug|ARM
		{B1466E54-80E5-4714-A493-B2D81D043304}.Debug|Win32.ActiveCfg = Debug|x86
		{B1466E54-80E5-4714-A493-B2D81D043304}.Debug|Win32.Build.0 = Debug|x86
		{B1466E54-80E5-4714-A493-B2D81D043304}.Debug|x64.ActiveCfg = Debug|x64
		{B1466E54-80E5-4714-A493-B2D81D043304}.Debug|x64.Build.0 = Debug|x64
		{B1466E54-80E5-4714-A493-B2D81D043304}.Debug|x86.ActiveCfg = Debug|x86
		{B1466E54-80E5-4714-A493-B2D81D043304}.Debug|x86.Build.0 = Debug|x86
		{B1466E54-80E5-4714-A493-B2D81D043304}.Release|Any CPU.ActiveCfg = Release|Any CPU
		{B1466E54-80E5-4714-A493-B2D81D043304}.Release|Any CPU.Build.0 = Release|Any CPU
		{B1466E54-80E5-4714-A493-B2D81D043304}.Release|ARM.ActiveCfg = Release|ARM
		{B1466E54-80E5-4714-A493-B2D81D043304}.Release|ARM.Build.0 = Release|ARM
		{B1466E54-80E5-4714-A493-B2D81D043304}.Release|Win32.ActiveCfg = Release|x86
		{B1466E54-80E5-4714-A493-B2D81D043304}.Release|Win32.Build.0 = Release|x86
		{B1466E54-80E5-4714-A493-B2D81D043304}.Release|x64.ActiveCfg = Release|x64
		{B1466E54-80E5-4714-A493-B2D81D043304}.Release|x64.Build.0 = Release|x64
		{B1466E54-80E5-4714-A493-B2D81D043304}.Release|x86.ActiveCfg = Release|x86
		{B1466E54-80E5-4714-A493-B2D81D043304}.Release|x86.Build.0 = Release|x86
		{6E87464B-B064-40CA-8161-7C18C337ADFF}.Debug|Any CPU.ActiveCfg = Debug|Any CPU
		{6E87464B-B064-40CA-8161-7C18C337ADFF}.Debug|Any CPU.Build.0 = Debug|Any CPU
		{6E87464B-B064-40CA-8161-7C18C337ADFF}.Debug|ARM.ActiveCfg = Debug|ARM
		{6E87464B-B064-40CA-8161-7C18C337ADFF}.Debug|ARM.Build.0 = Debug|ARM
		{6E87464B-B064-40CA-8161-7C18C337ADFF}.Debug|Win32.ActiveCfg = Debug|Win32
		{6E87464B-B064-40CA-8161-7C18C337ADFF}.Debug|Win32.Build.0 = Debug|Win32
		{6E87464B-B064-40CA-8161-7C18C337ADFF}.Debug|x64.ActiveCfg = Debug|x64
		{6E87464B-B064-40CA-8161-7C18C337ADFF}.Debug|x64.Build.0 = Debug|x64
		{6E87464B-B064-40CA-8161-7C18C337ADFF}.Debug|x86.ActiveCfg = Debug|x86
		{6E87464B-B064-40CA-8161-7C18C337ADFF}.Debug|x86.Build.0 = Debug|x86
		{6E87464B-B064-40CA-8161-7C18C337ADFF}.Release|Any CPU.ActiveCfg = Release|Any CPU
		{6E87464B-B064-40CA-8161-7C18C337ADFF}.Release|Any CPU.Build.0 = Release|Any CPU
		{6E87464B-B064-40CA-8161-7C18C337ADFF}.Release|ARM.ActiveCfg = Release|ARM
		{6E87464B-B064-40CA-8161-7C18C337ADFF}.Release|ARM.Build.0 = Release|ARM
		{6E87464B-B064-40CA-8161-7C18C337ADFF}.Release|Win32.ActiveCfg = Release|Win32
		{6E87464B-B064-40CA-8161-7C18C337ADFF}.Release|Win32.Build.0 = Release|Win32
		{6E87464B-B064-40CA-8161-7C18C337ADFF}.Release|x64.ActiveCfg = Release|x64
		{6E87464B-B064-40CA-8161-7C18C337ADFF}.Release|x64.Build.0 = Release|x64
		{6E87464B-B064-40CA-8161-7C18C337ADFF}.Release|x86.ActiveCfg = Release|x86
		{6E87464B-B064-40CA-8161-7C18C337ADFF}.Release|x86.Build.0 = Release|x86
		{D2E748FF-30E8-46F8-81F7-697CF2BBC570}.Debug|Any CPU.ActiveCfg = Debug|Any CPU
		{D2E748FF-30E8-46F8-81F7-697CF2BBC570}.Debug|Any CPU.Build.0 = Debug|Any CPU
		{D2E748FF-30E8-46F8-81F7-697CF2BBC570}.Debug|ARM.ActiveCfg = Debug|ARM
		{D2E748FF-30E8-46F8-81F7-697CF2BBC570}.Debug|ARM.Build.0 = Debug|ARM
		{D2E748FF-30E8-46F8-81F7-697CF2BBC570}.Debug|Win32.ActiveCfg = Debug|x86
		{D2E748FF-30E8-46F8-81F7-697CF2BBC570}.Debug|Win32.Build.0 = Debug|x86
		{D2E748FF-30E8-46F8-81F7-697CF2BBC570}.Debug|x64.ActiveCfg = Debug|x64
		{D2E748FF-30E8-46F8-81F7-697CF2BBC570}.Debug|x64.Build.0 = Debug|x64
		{D2E748FF-30E8-46F8-81F7-697CF2BBC570}.Debug|x86.ActiveCfg = Debug|x86
		{D2E748FF-30E8-46F8-81F7-697CF2BBC570}.Debug|x86.Build.0 = Debug|x86
		{D2E748FF-30E8-46F8-81F7-697CF2BBC570}.Release|Any CPU.ActiveCfg = Release|Any CPU
		{D2E748FF-30E8-46F8-81F7-697CF2BBC570}.Release|Any CPU.Build.0 = Release|Any CPU
		{D2E748FF-30E8-46F8-81F7-697CF2BBC570}.Release|ARM.ActiveCfg = Release|ARM
		{D2E748FF-30E8-46F8-81F7-697CF2BBC570}.Release|ARM.Build.0 = Release|ARM
		{D2E748FF-30E8-46F8-81F7-697CF2BBC570}.Release|Win32.ActiveCfg = Release|x86
		{D2E748FF-30E8-46F8-81F7-697CF2BBC570}.Release|Win32.Build.0 = Release|x86
		{D2E748FF-30E8-46F8-81F7-697CF2BBC570}.Release|x64.ActiveCfg = Release|x64
		{D2E748FF-30E8-46F8-81F7-697CF2BBC570}.Release|x64.Build.0 = Release|x64
		{D2E748FF-30E8-46F8-81F7-697CF2BBC570}.Release|x86.ActiveCfg = Release|x86
		{D2E748FF-30E8-46F8-81F7-697CF2BBC570}.Release|x86.Build.0 = Release|x86
		{86870C1B-D83D-4808-8AEA-159549211038}.Debug|Any CPU.ActiveCfg = Debug|Any CPU
		{86870C1B-D83D-4808-8AEA-159549211038}.Debug|Any CPU.Build.0 = Debug|Any CPU
		{86870C1B-D83D-4808-8AEA-159549211038}.Debug|ARM.ActiveCfg = Debug|ARM
		{86870C1B-D83D-4808-8AEA-159549211038}.Debug|ARM.Build.0 = Debug|ARM
		{86870C1B-D83D-4808-8AEA-159549211038}.Debug|Win32.ActiveCfg = Debug|x86
		{86870C1B-D83D-4808-8AEA-159549211038}.Debug|Win32.Build.0 = Debug|x86
		{86870C1B-D83D-4808-8AEA-159549211038}.Debug|x64.ActiveCfg = Debug|x64
		{86870C1B-D83D-4808-8AEA-159549211038}.Debug|x64.Build.0 = Debug|x64
		{86870C1B-D83D-4808-8AEA-159549211038}.Debug|x86.ActiveCfg = Debug|x86
		{86870C1B-D83D-4808-8AEA-159549211038}.Debug|x86.Build.0 = Debug|x86
		{86870C1B-D83D-4808-8AEA-159549211038}.Release|Any CPU.ActiveCfg = Release|Any CPU
		{86870C1B-D83D-4808-8AEA-159549211038}.Release|Any CPU.Build.0 = Release|Any CPU
		{86870C1B-D83D-4808-8AEA-159549211038}.Release|ARM.ActiveCfg = Release|ARM
		{86870C1B-D83D-4808-8AEA-159549211038}.Release|ARM.Build.0 = Release|ARM
		{86870C1B-D83D-4808-8AEA-159549211038}.Release|Win32.ActiveCfg = Release|x86
		{86870C1B-D83D-4808-8AEA-159549211038}.Release|Win32.Build.0 = Release|x86
		{86870C1B-D83D-4808-8AEA-159549211038}.Release|x64.ActiveCfg = Release|x64
		{86870C1B-D83D-4808-8AEA-159549211038}.Release|x64.Build.0 = Release|x64
		{86870C1B-D83D-4808-8AEA-159549211038}.Release|x86.ActiveCfg = Release|x86
		{86870C1B-D83D-4808-8AEA-159549211038}.Release|x86.Build.0 = Release|x86
		{7BFA7F3F-74BD-483A-8A80-E6759B94E186}.Debug|Any CPU.ActiveCfg = Debug|Any CPU
		{7BFA7F3F-74BD-483A-8A80-E6759B94E186}.Debug|Any CPU.Build.0 = Debug|Any CPU
		{7BFA7F3F-74BD-483A-8A80-E6759B94E186}.Debug|ARM.ActiveCfg = Debug|ARM
		{7BFA7F3F-74BD-483A-8A80-E6759B94E186}.Debug|ARM.Build.0 = Debug|ARM
		{7BFA7F3F-74BD-483A-8A80-E6759B94E186}.Debug|Win32.ActiveCfg = Debug|x86
		{7BFA7F3F-74BD-483A-8A80-E6759B94E186}.Debug|Win32.Build.0 = Debug|x86
		{7BFA7F3F-74BD-483A-8A80-E6759B94E186}.Debug|x64.ActiveCfg = Debug|x64
		{7BFA7F3F-74BD-483A-8A80-E6759B94E186}.Debug|x64.Build.0 = Debug|x64
		{7BFA7F3F-74BD-483A-8A80-E6759B94E186}.Debug|x86.ActiveCfg = Debug|x86
		{7BFA7F3F-74BD-483A-8A80-E6759B94E186}.Debug|x86.Build.0 = Debug|x86
		{7BFA7F3F-74BD-483A-8A80-E6759B94E186}.Release|Any CPU.ActiveCfg = Release|Any CPU
		{7BFA7F3F-74BD-483A-8A80-E6759B94E186}.Release|Any CPU.Build.0 = Release|Any CPU
		{7BFA7F3F-74BD-483A-8A80-E6759B94E186}.Release|ARM.ActiveCfg = Release|ARM
		{7BFA7F3F-74BD-483A-8A80-E6759B94E186}.Release|ARM.Build.0 = Release|ARM
		{7BFA7F3F-74BD-483A-8A80-E6759B94E186}.Release|Win32.ActiveCfg = Release|x86
		{7BFA7F3F-74BD-483A-8A80-E6759B94E186}.Release|Win32.Build.0 = Release|x86
		{7BFA7F3F-74BD-483A-8A80-E6759B94E186}.Release|x64.ActiveCfg = Release|x64
		{7BFA7F3F-74BD-483A-8A80-E6759B94E186}.Release|x64.Build.0 = Release|x64
		{7BFA7F3F-74BD-483A-8A80-E6759B94E186}.Release|x86.ActiveCfg = Release|x86
		{7BFA7F3F-74BD-483A-8A80-E6759B94E186}.Release|x86.Build.0 = Release|x86
	EndGlobalSection
	GlobalSection(SolutionProperties) = preSolution
		HideSolutionNode = FALSE
	EndGlobalSection
	GlobalSection(NestedProjects) = preSolution
		{EF6E8947-7F5F-4DE4-983B-61DAADEE3CBE} = {11C90DEE-17C8-4DA1-AF3B-7CF093B0BAFF}
		{01DED6E1-71FF-4C26-B672-5459E8FA579A} = {11C90DEE-17C8-4DA1-AF3B-7CF093B0BAFF}
		{D2E748FF-30E8-46F8-81F7-697CF2BBC570} = {11C90DEE-17C8-4DA1-AF3B-7CF093B0BAFF}
		{86870C1B-D83D-4808-8AEA-159549211038} = {11C90DEE-17C8-4DA1-AF3B-7CF093B0BAFF}
		{7BFA7F3F-74BD-483A-8A80-E6759B94E186} = {11C90DEE-17C8-4DA1-AF3B-7CF093B0BAFF}
		{B1466E54-80E5-4714-A493-B2D81D043304} = {EDCDD76E-EE52-452E-B374-73CEFCE33459}
		{3A3762FB-F9BA-43CC-B2D2-445CD4E351E2} = {EDCDD76E-EE52-452E-B374-73CEFCE33459}
		{6E87464B-B064-40CA-8161-7C18C337ADFF} = {EDCDD76E-EE52-452E-B374-73CEFCE33459}
	EndGlobalSection
EndGlobal
